
Microsoft Visual Studio Solution File, Format Version 12.00
# Visual Studio 2013
VisualStudioVersion = 12.0.31101.0
MinimumVisualStudioVersion = 10.0.40219.1
Project("{FAE04EC0-301F-11D3-BF4B-00C04F79EFBC}") = "Chess.ConsoleClient", "Chess.ConsoleClient\Chess.ConsoleClient.csproj", "{B9CD0E76-665C-4DA6-AFC4-D820F26C8A7E}"
EndProject
Project("{FAE04EC0-301F-11D3-BF4B-00C04F79EFBC}") = "Chess.Source", "Chess.Source\Chess.Source.csproj", "{B418DA85-3BFE-4370-B2C4-D6059BEDC861}"
EndProject
Global
	GlobalSection(SolutionConfigurationPlatforms) = preSolution
		Debug|Any CPU = Debug|Any CPU
		Release|Any CPU = Release|Any CPU
	EndGlobalSection
	GlobalSection(ProjectConfigurationPlatforms) = postSolution
		{B9CD0E76-665C-4DA6-AFC4-D820F26C8A7E}.Debug|Any CPU.ActiveCfg = Debug|Any CPU
		{B9CD0E76-665C-4DA6-AFC4-D820F26C8A7E}.Debug|Any CPU.Build.0 = Debug|Any CPU
		{B9CD0E76-665C-4DA6-AFC4-D820F26C8A7E}.Release|Any CPU.ActiveCfg = Release|Any CPU
		{B9CD0E76-665C-4DA6-AFC4-D820F26C8A7E}.Release|Any CPU.Build.0 = Release|Any CPU
		{B418DA85-3BFE-4370-B2C4-D6059BEDC861}.Debug|Any CPU.ActiveCfg = Debug|Any CPU
		{B418DA85-3BFE-4370-B2C4-D6059BEDC861}.Debug|Any CPU.Build.0 = Debug|Any CPU
		{B418DA85-3BFE-4370-B2C4-D6059BEDC861}.Release|Any CPU.ActiveCfg = Release|Any CPU
		{B418DA85-3BFE-4370-B2C4-D6059BEDC861}.Release|Any CPU.Build.0 = Release|Any CPU
	EndGlobalSection
	GlobalSection(SolutionProperties) = preSolution
		HideSolutionNode = FALSE
	EndGlobalSection
EndGlobal
